// !$*UTF8*$!
{
	archiveVersion = 1;
	classes = {
	};
	objectVersion = 56;
	objects = {

/* Begin PBXBuildFile section */
		1A2B3C4D5E6F700000000001 /* sixplayer.m in Sources */ = {isa = PBXBuildFile; fileRef = 1A2B3C4D5E6F700000000011 /* sixplayer.m */; };
		1A2B3C4D5E6F700000000002 /* Cocoa.framework in Frameworks */ = {isa = PBXBuildFile; fileRef = 1A2B3C4D5E6F700000000012 /* Cocoa.framework */; };
		1A2B3C4D5E6F700000000003 /* ApplicationServices.framework in Frameworks */ = {isa = PBXBuildFile; fileRef = 1A2B3C4D5E6F700000000013 /* ApplicationServices.framework */; };
		1A2B3C4D5E6F700000000004 /* ImageIO.framework in Frameworks */ = {isa = PBXBuildFile; fileRef = 1A2B3C4D5E6F700000000014 /* ImageIO.framework */; };
		1A2B3C4D5E6F700000000005 /* libvlc.dylib in Frameworks */ = {isa = PBXBuildFile; fileRef = 1A2B3C4D5E6F700000000015 /* libvlc.dylib */; };
		1A2B3C4D5E6F700000000006 /* libvlccore.dylib in Frameworks */ = {isa = PBXBuildFile; fileRef = 1A2B3C4D5E6F700000000016 /* libvlccore.dylib */; };
/* End PBXBuildFile section */

/* Begin PBXFileReference section */
		1A2B3C4D5E6F700000000010 /* sixplayer.app */ = {isa = PBXFileReference; explicitFileType = wrapper.application; includeInIndex = 0; path = sixplayer.app; sourceTree = BUILT_PRODUCTS_DIR; };
		1A2B3C4D5E6F700000000011 /* sixplayer.m */ = {isa = PBXFileReference; lastKnownFileType = sourcecode.c.objc; path = sixplayer.m; sourceTree = "<group>"; };
		1A2B3C4D5E6F700000000012 /* Cocoa.framework */ = {isa = PBXFileReference; lastKnownFileType = wrapper.framework; name = Cocoa.framework; path = System/Library/Frameworks/Cocoa.framework; sourceTree = SDKROOT; };
		1A2B3C4D5E6F700000000013 /* ApplicationServices.framework */ = {isa = PBXFileReference; lastKnownFileType = wrapper.framework; name = ApplicationServices.framework; path = System/Library/Frameworks/ApplicationServices.framework; sourceTree = SDKROOT; };
		1A2B3C4D5E6F700000000014 /* ImageIO.framework */ = {isa = PBXFileReference; lastKnownFileType = wrapper.framework; name = ImageIO.framework; path = System/Library/Frameworks/ImageIO.framework; sourceTree = SDKROOT; };
		1A2B3C4D5E6F700000000015 /* libvlc.dylib */ = {isa = PBXFileReference; lastKnownFileType = "compiled.mach-o.dylib"; name = libvlc.dylib; path = /Applications/VLC.app/Contents/MacOS/lib/libvlc.dylib; sourceTree = "<absolute>"; };
		1A2B3C4D5E6F700000000016 /* libvlccore.dylib */ = {isa = PBXFileReference; lastKnownFileType = "compiled.mach-o.dylib"; name = libvlccore.dylib; path = /Applications/VLC.app/Contents/MacOS/lib/libvlccore.dylib; sourceTree = "<absolute>"; };
		1A2B3C4D5E6F700000000017 /* Info.plist */ = {isa = PBXFileReference; lastKnownFileType = text.plist.xml; path = Info.plist; sourceTree = "<group>"; };
		1A2B3C4D5E6F700000000018 /* README.md */ = {isa = PBXFileReference; lastKnownFileType = net.daringfireball.markdown; path = README.md; sourceTree = "<group>"; };
		1A2B3C4D5E6F700000000019 /* run.sh */ = {isa = PBXFileReference; lastKnownFileType = text.script.sh; path = run.sh; sourceTree = "<group>"; };
/* End PBXFileReference section */

/* Begin PBXFrameworksBuildPhase section */
		1A2B3C4D5E6F700000000020 /* Frameworks */ = {
			isa = PBXFrameworksBuildPhase;
			buildActionMask = 2147483647;
			files = (
				1A2B3C4D5E6F700000000002 /* Cocoa.framework in Frameworks */,
				1A2B3C4D5E6F700000000003 /* ApplicationServices.framework in Frameworks */,
				1A2B3C4D5E6F700000000004 /* ImageIO.framework in Frameworks */,
				1A2B3C4D5E6F700000000005 /* libvlc.dylib in Frameworks */,
				1A2B3C4D5E6F700000000006 /* libvlccore.dylib in Frameworks */,
			);
			runOnlyForDeploymentPostprocessing = 0;
		};
/* End PBXFrameworksBuildPhase section */

/* Begin PBXGroup section */
		1A2B3C4D5E6F700000000030 = {
			isa = PBXGroup;
			children = (
				1A2B3C4D5E6F700000000011 /* sixplayer.m */,
				1A2B3C4D5E6F700000000017 /* Info.plist */,
				1A2B3C4D5E6F700000000018 /* README.md */,
				1A2B3C4D5E6F700000000019 /* run.sh */,
				1A2B3C4D5E6F700000000031 /* Frameworks */,
				1A2B3C4D5E6F700000000032 /* Products */,
			);
			sourceTree = "<group>";
		};
		1A2B3C4D5E6F700000000031 /* Frameworks */ = {
			isa = PBXGroup;
			children = (
				1A2B3C4D5E6F700000000012 /* Cocoa.framework */,
				1A2B3C4D5E6F700000000013 /* ApplicationServices.framework */,
				1A2B3C4D5E6F700000000014 /* ImageIO.framework */,
				1A2B3C4D5E6F700000000015 /* libvlc.dylib */,
				1A2B3C4D5E6F700000000016 /* libvlccore.dylib */,
			);
			name = Frameworks;
			sourceTree = "<group>";
		};
		1A2B3C4D5E6F700000000032 /* Products */ = {
			isa = PBXGroup;
			children = (
				1A2B3C4D5E6F700000000010 /* sixplayer.app */,
			);
			name = Products;
			sourceTree = "<group>";
		};
/* End PBXGroup section */

/* Begin PBXNativeTarget section */
		1A2B3C4D5E6F700000000040 /* sixplayer */ = {
			isa = PBXNativeTarget;
			buildConfigurationList = 1A2B3C4D5E6F700000000090 /* Build configuration list for PBXNativeTarget "sixplayer" */;
			buildPhases = (
				1A2B3C4D5E6F700000000050 /* Sources */,
				1A2B3C4D5E6F700000000020 /* Frameworks */,
				1A2B3C4D5E6F700000000051 /* Resources */,
			);
			buildRules = (
			);
			dependencies = (
			);
			name = sixplayer;
			productName = sixplayer;
			productReference = 1A2B3C4D5E6F700000000010 /* sixplayer.app */;
			productType = "com.apple.product-type.application";
		};
/* End PBXNativeTarget section */

/* Begin PBXProject section */
		1A2B3C4D5E6F700000000060 /* Project object */ = {
			isa = PBXProject;
			attributes = {
				BuildIndependentTargetsInParallel = 1;
				LastUpgradeCheck = 1540;
				TargetAttributes = {
					1A2B3C4D5E6F700000000040 = {
						CreatedOnToolsVersion = 15.4;
					};
				};
			};
			buildConfigurationList = 1A2B3C4D5E6F700000000080 /* Build configuration list for PBXProject "sixplayer" */;
			compatibilityVersion = "Xcode 14.0";
			developmentRegion = en;
			hasScannedForEncodings = 0;
			knownRegions = (
				en,
				Base,
			);
			mainGroup = 1A2B3C4D5E6F700000000030;
			productRefGroup = 1A2B3C4D5E6F700000000032 /* Products */;
			projectDirPath = "";
			projectRoot = "";
			targets = (
				1A2B3C4D5E6F700000000040 /* sixplayer */,
			);
		};
/* End PBXProject section */

/* Begin PBXResourcesBuildPhase section */
		1A2B3C4D5E6F700000000051 /* Resources */ = {
			isa = PBXResourcesBuildPhase;
			buildActionMask = 2147483647;
			files = (
			);
			runOnlyForDeploymentPostprocessing = 0;
		};
/* End PBXResourcesBuildPhase section */

/* Begin PBXSourcesBuildPhase section */
		1A2B3C4D5E6F700000000050 /* Sources */ = {
			isa = PBXSourcesBuildPhase;
			buildActionMask = 2147483647;
			files = (
				1A2B3C4D5E6F700000000001 /* sixplayer.m in Sources */,
			);
			runOnlyForDeploymentPostprocessing = 0;
		};
/* End PBXSourcesBuildPhase section */

/* Begin XCBuildConfiguration section */
		1A2B3C4D5E6F700000000070 /* Debug */ = {
			isa = XCBuildConfiguration;
			buildSettings = {
				ALWAYS_SEARCH_USER_PATHS = NO;
				CLANG_ENABLE_MODULES = YES;
				CLANG_ENABLE_OBJC_ARC = YES;
				CLANG_WARN_OBJC_IMPLICIT_RETAIN_SELF = YES;
				CLANG_WARN_UNGUARDED_AVAILABILITY = YES_AGGRESSIVE;
				COPY_PHASE_STRIP = NO;
				DEBUG_INFORMATION_FORMAT = dwarf;
				DEVELOPMENT_LANGUAGE = en;
				ENABLE_STRICT_OBJC_MSGSEND = YES;
				GCC_NO_COMMON_BLOCKS = YES;
				GCC_WARN_64_TO_32_BIT_CONVERSION = YES;
				GCC_WARN_ABOUT_RETURN_TYPE = YES_ERROR;
				GCC_WARN_UNDECLARED_SELECTOR = YES;
				MACOSX_DEPLOYMENT_TARGET = 13.0;
				SDKROOT = macosx;
			};
			name = Debug;
		};
		1A2B3C4D5E6F700000000071 /* Release */ = {
			isa = XCBuildConfiguration;
			buildSettings = {
				ALWAYS_SEARCH_USER_PATHS = NO;
				CLANG_ENABLE_MODULES = YES;
				CLANG_ENABLE_OBJC_ARC = YES;
				CLANG_WARN_OBJC_IMPLICIT_RETAIN_SELF = YES;
				CLANG_WARN_UNGUARDED_AVAILABILITY = YES_AGGRESSIVE;
				COPY_PHASE_STRIP = YES;
				DEBUG_INFORMATION_FORMAT = "dwarf-with-dsym";
				DEVELOPMENT_LANGUAGE = en;
				ENABLE_STRICT_OBJC_MSGSEND = YES;
				GCC_NO_COMMON_BLOCKS = YES;
				GCC_WARN_64_TO_32_BIT_CONVERSION = YES;
				GCC_WARN_ABOUT_RETURN_TYPE = YES_ERROR;
				GCC_WARN_UNDECLARED_SELECTOR = YES;
				MACOSX_DEPLOYMENT_TARGET = 13.0;
				SDKROOT = macosx;
			};
			name = Release;
		};
		1A2B3C4D5E6F700000000072 /* Debug */ = {
			isa = XCBuildConfiguration;
			buildSettings = {
				CODE_SIGN_IDENTITY = "-";
				CODE_SIGN_STYLE = Manual;
				COMBINE_HIDPI_IMAGES = YES;
				INFOPLIST_FILE = Info.plist;
				LD_RUNPATH_SEARCH_PATHS = (
					"$(inherited)",
					"@executable_path/../Frameworks",
					"/Applications/VLC.app/Contents/MacOS/lib",
				);
				LIBRARY_SEARCH_PATHS = (
					"$(inherited)",
					"/Applications/VLC.app/Contents/MacOS/lib",
				);
				PRODUCT_BUNDLE_IDENTIFIER = local.sixplayer;
				PRODUCT_NAME = sixplayer;
			};
			name = Debug;
		};
		1A2B3C4D5E6F700000000073 /* Release */ = {
			isa = XCBuildConfiguration;
			buildSettings = {
				CODE_SIGN_IDENTITY = "-";
				CODE_SIGN_STYLE = Manual;
				COMBINE_HIDPI_IMAGES = YES;
				INFOPLIST_FILE = Info.plist;
				LD_RUNPATH_SEARCH_PATHS = (
					"$(inherited)",
					"@executable_path/../Frameworks",
					"/Applications/VLC.app/Contents/MacOS/lib",
				);
				LIBRARY_SEARCH_PATHS = (
					"$(inherited)",
					"/Applications/VLC.app/Contents/MacOS/lib",
				);
				PRODUCT_BUNDLE_IDENTIFIER = local.sixplayer;
				PRODUCT_NAME = sixplayer;
			};
			name = Release;
		};
/* End XCBuildConfiguration section */

/* Begin XCConfigurationList section */
		1A2B3C4D5E6F700000000080 /* Build configuration list for PBXProject "sixplayer" */ = {
			isa = XCConfigurationList;
			buildConfigurations = (
				1A2B3C4D5E6F700000000070 /* Debug */,
				1A2B3C4D5E6F700000000071 /* Release */,
			);
			defaultConfigurationIsVisible = 0;
			defaultConfigurationName = Release;
		};
		1A2B3C4D5E6F700000000090 /* Build configuration list for PBXNativeTarget "sixplayer" */ = {
			isa = XCConfigurationList;
			buildConfigurations = (
				1A2B3C4D5E6F700000000072 /* Debug */,
				1A2B3C4D5E6F700000000073 /* Release */,
			);
			defaultConfigurationIsVisible = 0;
			defaultConfigurationName = Release;
		};
/* End XCConfigurationList section */
	};
	rootObject = 1A2B3C4D5E6F700000000060 /* Project object */;
}
